
Microsoft Visual Studio Solution File, Format Version 12.00
# Visual Studio Version 17
VisualStudioVersion = 17.8.34330.188
MinimumVisualStudioVersion = 10.0.40219.1
Project("{FAE04EC0-301F-11D3-BF4B-00C04F79EFBC}") = "GroupMeetingASP.NETCoreWebApp", "GroupMeetingASP.NETCoreWebApp\GroupMeetingASP.NETCoreWebApp.csproj", "{241125B1-47A0-4CFF-A734-C21A277B2A00}"
EndProject
Global
	GlobalSection(SolutionConfigurationPlatforms) = preSolution
		Debug|Any CPU = Debug|Any CPU
		Release|Any CPU = Release|Any CPU
	EndGlobalSection
	GlobalSection(ProjectConfigurationPlatforms) = postSolution
		{241125B1-47A0-4CFF-A734-C21A277B2A00}.Debug|Any CPU.ActiveCfg = Debug|Any CPU
		{241125B1-47A0-4CFF-A734-C21A277B2A00}.Debug|Any CPU.Build.0 = Debug|Any CPU
		{241125B1-47A0-4CFF-A734-C21A277B2A00}.Release|Any CPU.ActiveCfg = Release|Any CPU
		{241125B1-47A0-4CFF-A734-C21A277B2A00}.Release|Any CPU.Build.0 = Release|Any CPU
	EndGlobalSection
	GlobalSection(SolutionProperties) = preSolution
		HideSolutionNode = FALSE
	EndGlobalSection
	GlobalSection(ExtensibilityGlobals) = postSolution
		SolutionGuid = {2C97C88C-BF5A-4470-A1A9-8D127EF35E36}
	EndGlobalSection
EndGlobal
